
Microsoft Visual Studio Solution File, Format Version 12.00
# Visual Studio Version 16
VisualStudioVersion = 16.0.31320.298
MinimumVisualStudioVersion = 10.0.40219.1
Project("{FAE04EC0-301F-11D3-BF4B-00C04F79EFBC}") = "Junio16MVCEF", "Junio16MVCEF\Junio16MVCEF.csproj", "{29A2CF24-5590-47A9-87D9-BC002757960E}"
EndProject
Global
	GlobalSection(SolutionConfigurationPlatforms) = preSolution
		Debug|Any CPU = Debug|Any CPU
		Release|Any CPU = Release|Any CPU
	EndGlobalSection
	GlobalSection(ProjectConfigurationPlatforms) = postSolution
		{29A2CF24-5590-47A9-87D9-BC002757960E}.Debug|Any CPU.ActiveCfg = Debug|Any CPU
		{29A2CF24-5590-47A9-87D9-BC002757960E}.Debug|Any CPU.Build.0 = Debug|Any CPU
		{29A2CF24-5590-47A9-87D9-BC002757960E}.Release|Any CPU.ActiveCfg = Release|Any CPU
		{29A2CF24-5590-47A9-87D9-BC002757960E}.Release|Any CPU.Build.0 = Release|Any CPU
	EndGlobalSection
	GlobalSection(SolutionProperties) = preSolution
		HideSolutionNode = FALSE
	EndGlobalSection
	GlobalSection(ExtensibilityGlobals) = postSolution
		SolutionGuid = {4480A490-D8D8-4D24-A106-F1AC2C6BC392}
	EndGlobalSection
EndGlobal
